// !$*UTF8*$!
{
	archiveVersion = 1;
	classes = {
	};
	objectVersion = 77;
	objects = {

/* Begin PBXContainerItemProxy section */
		E9D5953B2E4C3027004F0D18 /* PBXContainerItemProxy */ = {
			isa = PBXContainerItemProxy;
			containerPortal = E9D595252E4C3024004F0D18 /* Project object */;
			proxyType = 1;
			remoteGlobalIDString = E9D5952C2E4C3024004F0D18;
			remoteInfo = "YKS-Player-IOS";
		};
		E9D595452E4C3027004F0D18 /* PBXContainerItemProxy */ = {
			isa = PBXContainerItemProxy;
			containerPortal = E9D595252E4C3024004F0D18 /* Project object */;
			proxyType = 1;
			remoteGlobalIDString = E9D5952C2E4C3024004F0D18;
			remoteInfo = "YKS-Player-IOS";
		};
/* End PBXContainerItemProxy section */

/* Begin PBXFileReference section */
		E9D5952D2E4C3024004F0D18 /* YKS-Player-IOS.app */ = {isa = PBXFileReference; explicitFileType = wrapper.application; includeInIndex = 0; path = "YKS-Player-IOS.app"; sourceTree = BUILT_PRODUCTS_DIR; };
		E9D5953A2E4C3027004F0D18 /* YKS-Player-IOSTests.xctest */ = {isa = PBXFileReference; explicitFileType = wrapper.cfbundle; includeInIndex = 0; path = "YKS-Player-IOSTests.xctest"; sourceTree = BUILT_PRODUCTS_DIR; };
		E9D595442E4C3027004F0D18 /* YKS-Player-IOSUITests.xctest */ = {isa = PBXFileReference; explicitFileType = wrapper.cfbundle; includeInIndex = 0; path = "YKS-Player-IOSUITests.xctest"; sourceTree = BUILT_PRODUCTS_DIR; };
/* End PBXFileReference section */

/* Begin PBXFileSystemSynchronizedRootGroup section */
		E9D5952F2E4C3024004F0D18 /* YKS-Player-IOS */ = {
			isa = PBXFileSystemSynchronizedRootGroup;
			path = "YKS-Player-IOS";
			sourceTree = "<group>";
		};
		E9D5953D2E4C3027004F0D18 /* YKS-Player-IOSTests */ = {
			isa = PBXFileSystemSynchronizedRootGroup;
			path = "YKS-Player-IOSTests";
			sourceTree = "<group>";
		};
		E9D595472E4C3027004F0D18 /* YKS-Player-IOSUITests */ = {
			isa = PBXFileSystemSynchronizedRootGroup;
			path = "YKS-Player-IOSUITests";
			sourceTree = "<group>";
		};
/* End PBXFileSystemSynchronizedRootGroup section */

/* Begin PBXFrameworksBuildPhase section */
		E9D5952A2E4C3024004F0D18 /* Frameworks */ = {
			isa = PBXFrameworksBuildPhase;
			buildActionMask = 2147483647;
			files = (
			);
			runOnlyForDeploymentPostprocessing = 0;
		};
		E9D595372E4C3027004F0D18 /* Frameworks */ = {
			isa = PBXFrameworksBuildPhase;
			buildActionMask = 2147483647;
			files = (
			);
			runOnlyForDeploymentPostprocessing = 0;
		};
		E9D595412E4C3027004F0D18 /* Frameworks */ = {
			isa = PBXFrameworksBuildPhase;
			buildActionMask = 2147483647;
			files = (
			);
			runOnlyForDeploymentPostprocessing = 0;
		};
/* End PBXFrameworksBuildPhase section */

/* Begin PBXGroup section */
		E9D595242E4C3024004F0D18 = {
			isa = PBXGroup;
			children = (
				E9D5952F2E4C3024004F0D18 /* YKS-Player-IOS */,
				E9D5953D2E4C3027004F0D18 /* YKS-Player-IOSTests */,
				E9D595472E4C3027004F0D18 /* YKS-Player-IOSUITests */,
				E9D5952E2E4C3024004F0D18 /* Products */,
			);
			sourceTree = "<group>";
		};
		E9D5952E2E4C3024004F0D18 /* Products */ = {
			isa = PBXGroup;
			children = (
				E9D5952D2E4C3024004F0D18 /* YKS-Player-IOS.app */,
				E9D5953A2E4C3027004F0D18 /* YKS-Player-IOSTests.xctest */,
				E9D595442E4C3027004F0D18 /* YKS-Player-IOSUITests.xctest */,
			);
			name = Products;
			sourceTree = "<group>";
		};
/* End PBXGroup section */

/* Begin PBXNativeTarget section */
		E9D5952C2E4C3024004F0D18 /* YKS-Player-IOS */ = {
			isa = PBXNativeTarget;
			buildConfigurationList = E9D5954E2E4C3027004F0D18 /* Build configuration list for PBXNativeTarget "YKS-Player-IOS" */;
			buildPhases = (
				E9D595292E4C3024004F0D18 /* Sources */,
				E9D5952A2E4C3024004F0D18 /* Frameworks */,
				E9D5952B2E4C3024004F0D18 /* Resources */,
			);
			buildRules = (
			);
			dependencies = (
			);
			fileSystemSynchronizedGroups = (
				E9D5952F2E4C3024004F0D18 /* YKS-Player-IOS */,
			);
			name = "YKS-Player-IOS";
			packageProductDependencies = (
			);
			productName = "YKS-Player-IOS";
			productReference = E9D5952D2E4C3024004F0D18 /* YKS-Player-IOS.app */;
			productType = "com.apple.product-type.application";
		};
		E9D595392E4C3027004F0D18 /* YKS-Player-IOSTests */ = {
			isa = PBXNativeTarget;
			buildConfigurationList = E9D595512E4C3027004F0D18 /* Build configuration list for PBXNativeTarget "YKS-Player-IOSTests" */;
			buildPhases = (
				E9D595362E4C3027004F0D18 /* Sources */,
				E9D595372E4C3027004F0D18 /* Frameworks */,
				E9D595382E4C3027004F0D18 /* Resources */,
			);
			buildRules = (
			);
			dependencies = (
				E9D5953C2E4C3027004F0D18 /* PBXTargetDependency */,
			);
			fileSystemSynchronizedGroups = (
				E9D5953D2E4C3027004F0D18 /* YKS-Player-IOSTests */,
			);
			name = "YKS-Player-IOSTests";
			packageProductDependencies = (
			);
			productName = "YKS-Player-IOSTests";
			productReference = E9D5953A2E4C3027004F0D18 /* YKS-Player-IOSTests.xctest */;
			productType = "com.apple.product-type.bundle.unit-test";
		};
		E9D595432E4C3027004F0D18 /* YKS-Player-IOSUITests */ = {
			isa = PBXNativeTarget;
			buildConfigurationList = E9D595542E4C3027004F0D18 /* Build configuration list for PBXNativeTarget "YKS-Player-IOSUITests" */;
			buildPhases = (
				E9D595402E4C3027004F0D18 /* Sources */,
				E9D595412E4C3027004F0D18 /* Frameworks */,
				E9D595422E4C3027004F0D18 /* Resources */,
			);
			buildRules = (
			);
			dependencies = (
				E9D595462E4C3027004F0D18 /* PBXTargetDependency */,
			);
			fileSystemSynchronizedGroups = (
				E9D595472E4C3027004F0D18 /* YKS-Player-IOSUITests */,
			);
			name = "YKS-Player-IOSUITests";
			packageProductDependencies = (
			);
			productName = "YKS-Player-IOSUITests";
			productReference = E9D595442E4C3027004F0D18 /* YKS-Player-IOSUITests.xctest */;
			productType = "com.apple.product-type.bundle.ui-testing";
		};
/* End PBXNativeTarget section */

/* Begin PBXProject section */
		E9D595252E4C3024004F0D18 /* Project object */ = {
			isa = PBXProject;
			attributes = {
				BuildIndependentTargetsInParallel = 1;
				LastSwiftUpdateCheck = 1640;
				LastUpgradeCheck = 1640;
				TargetAttributes = {
					E9D5952C2E4C3024004F0D18 = {
						CreatedOnToolsVersion = 16.4;
					};
					E9D595392E4C3027004F0D18 = {
						CreatedOnToolsVersion = 16.4;
						TestTargetID = E9D5952C2E4C3024004F0D18;
					};
					E9D595432E4C3027004F0D18 = {
						CreatedOnToolsVersion = 16.4;
						TestTargetID = E9D5952C2E4C3024004F0D18;
					};
				};
			};
			buildConfigurationList = E9D595282E4C3024004F0D18 /* Build configuration list for PBXProject "YKS-Player-IOS" */;
			developmentRegion = en;
			hasScannedForEncodings = 0;
			knownRegions = (
				en,
				Base,
			);
			mainGroup = E9D595242E4C3024004F0D18;
			minimizedProjectReferenceProxies = 1;
			preferredProjectObjectVersion = 77;
			productRefGroup = E9D5952E2E4C3024004F0D18 /* Products */;
			projectDirPath = "";
			projectRoot = "";
			targets = (
				E9D5952C2E4C3024004F0D18 /* YKS-Player-IOS */,
				E9D595392E4C3027004F0D18 /* YKS-Player-IOSTests */,
				E9D595432E4C3027004F0D18 /* YKS-Player-IOSUITests */,
			);
		};
/* End PBXProject section */

/* Begin PBXResourcesBuildPhase section */
		E9D5952B2E4C3024004F0D18 /* Resources */ = {
			isa = PBXResourcesBuildPhase;
			buildActionMask = 2147483647;
			files = (
			);
			runOnlyForDeploymentPostprocessing = 0;
		};
		E9D595382E4C3027004F0D18 /* Resources */ = {
			isa = PBXResourcesBuildPhase;
			buildActionMask = 2147483647;
			files = (
			);
			runOnlyForDeploymentPostprocessing = 0;
		};
		E9D595422E4C3027004F0D18 /* Resources */ = {
			isa = PBXResourcesBuildPhase;
			buildActionMask = 2147483647;
			files = (
			);
			runOnlyForDeploymentPostprocessing = 0;
		};
/* End PBXResourcesBuildPhase section */

/* Begin PBXSourcesBuildPhase section */
		E9D595292E4C3024004F0D18 /* Sources */ = {
			isa = PBXSourcesBuildPhase;
			buildActionMask = 2147483647;
			files = (
			);
			runOnlyForDeploymentPostprocessing = 0;
		};
		E9D595362E4C3027004F0D18 /* Sources */ = {
			isa = PBXSourcesBuildPhase;
			buildActionMask = 2147483647;
			files = (
			);
			runOnlyForDeploymentPostprocessing = 0;
		};
		E9D595402E4C3027004F0D18 /* Sources */ = {
			isa = PBXSourcesBuildPhase;
			buildActionMask = 2147483647;
			files = (
			);
			runOnlyForDeploymentPostprocessing = 0;
		};
/* End PBXSourcesBuildPhase section */

/* Begin PBXTargetDependency section */
		E9D5953C2E4C3027004F0D18 /* PBXTargetDependency */ = {
			isa = PBXTargetDependency;
			target = E9D5952C2E4C3024004F0D18 /* YKS-Player-IOS */;
			targetProxy = E9D5953B2E4C3027004F0D18 /* PBXContainerItemProxy */;
		};
		E9D595462E4C3027004F0D18 /* PBXTargetDependency */ = {
			isa = PBXTargetDependency;
			target = E9D5952C2E4C3024004F0D18 /* YKS-Player-IOS */;
			targetProxy = E9D595452E4C3027004F0D18 /* PBXContainerItemProxy */;
		};
/* End PBXTargetDependency section */

/* Begin XCBuildConfiguration section */
		E9D5954C2E4C3027004F0D18 /* Debug */ = {
			isa = XCBuildConfiguration;
			buildSettings = {
				ALWAYS_SEARCH_USER_PATHS = NO;
				ASSETCATALOG_COMPILER_GENERATE_SWIFT_ASSET_SYMBOL_EXTENSIONS = YES;
				CLANG_ANALYZER_NONNULL = YES;
				CLANG_ANALYZER_NUMBER_OBJECT_CONVERSION = YES_AGGRESSIVE;
				CLANG_CXX_LANGUAGE_STANDARD = "gnu++20";
				CLANG_ENABLE_MODULES = YES;
				CLANG_ENABLE_OBJC_ARC = YES;
				CLANG_ENABLE_OBJC_WEAK = YES;
				CLANG_WARN_BLOCK_CAPTURE_AUTORELEASING = YES;
				CLANG_WARN_BOOL_CONVERSION = YES;
				CLANG_WARN_COMMA = YES;
				CLANG_WARN_CONSTANT_CONVERSION = YES;
				CLANG_WARN_DEPRECATED_OBJC_IMPLEMENTATIONS = YES;
				CLANG_WARN_DIRECT_OBJC_ISA_USAGE = YES_ERROR;
				CLANG_WARN_DOCUMENTATION_COMMENTS = YES;
				CLANG_WARN_EMPTY_BODY = YES;
				CLANG_WARN_ENUM_CONVERSION = YES;
				CLANG_WARN_INFINITE_RECURSION = YES;
				CLANG_WARN_INT_CONVERSION = YES;
				CLANG_WARN_NON_LITERAL_NULL_CONVERSION = YES;
				CLANG_WARN_OBJC_IMPLICIT_RETAIN_SELF = YES;
				CLANG_WARN_OBJC_LITERAL_CONVERSION = YES;
				CLANG_WARN_OBJC_ROOT_CLASS = YES_ERROR;
				CLANG_WARN_QUOTED_INCLUDE_IN_FRAMEWORK_HEADER = YES;
				CLANG_WARN_RANGE_LOOP_ANALYSIS = YES;
				CLANG_WARN_STRICT_PROTOTYPES = YES;
				CLANG_WARN_SUSPICIOUS_MOVE = YES;
				CLANG_WARN_UNGUARDED_AVAILABILITY = YES_AGGRESSIVE;
				CLANG_WARN_UNREACHABLE_CODE = YES;
				CLANG_WARN__DUPLICATE_METHOD_MATCH = YES;
				COPY_PHASE_STRIP = NO;
				DEBUG_INFORMATION_FORMAT = dwarf;
				DEVELOPMENT_TEAM = 82DYU8YTFB;
				ENABLE_STRICT_OBJC_MSGSEND = YES;
				ENABLE_TESTABILITY = YES;
				ENABLE_USER_SCRIPT_SANDBOXING = YES;
				GCC_C_LANGUAGE_STANDARD = gnu17;
				GCC_DYNAMIC_NO_PIC = NO;
				GCC_NO_COMMON_BLOCKS = YES;
				GCC_OPTIMIZATION_LEVEL = 0;
				GCC_PREPROCESSOR_DEFINITIONS = (
					"DEBUG=1",
					"$(inherited)",
				);
				GCC_WARN_64_TO_32_BIT_CONVERSION = YES;
				GCC_WARN_ABOUT_RETURN_TYPE = YES_ERROR;
				GCC_WARN_UNDECLARED_SELECTOR = YES;
				GCC_WARN_UNINITIALIZED_AUTOS = YES_AGGRESSIVE;
				GCC_WARN_UNUSED_FUNCTION = YES;
				GCC_WARN_UNUSED_VARIABLE = YES;
				IPHONEOS_DEPLOYMENT_TARGET = 18.5;
				LOCALIZATION_PREFERS_STRING_CATALOGS = YES;
				MTL_ENABLE_DEBUG_INFO = INCLUDE_SOURCE;
				MTL_FAST_MATH = YES;
				ONLY_ACTIVE_ARCH = YES;
				SDKROOT = iphoneos;
				SWIFT_ACTIVE_COMPILATION_CONDITIONS = "DEBUG $(inherited)";
				SWIFT_OPTIMIZATION_LEVEL = "-Onone";
			};
			name = Debug;
		};
		E9D5954D2E4C3027004F0D18 /* Release */ = {
			isa = XCBuildConfiguration;
			buildSettings = {
				ALWAYS_SEARCH_USER_PATHS = NO;
				ASSETCATALOG_COMPILER_GENERATE_SWIFT_ASSET_SYMBOL_EXTENSIONS = YES;
				CLANG_ANALYZER_NONNULL = YES;
				CLANG_ANALYZER_NUMBER_OBJECT_CONVERSION = YES_AGGRESSIVE;
				CLANG_CXX_LANGUAGE_STANDARD = "gnu++20";
				CLANG_ENABLE_MODULES = YES;
				CLANG_ENABLE_OBJC_ARC = YES;
				CLANG_ENABLE_OBJC_WEAK = YES;
				CLANG_WARN_BLOCK_CAPTURE_AUTORELEASING = YES;
				CLANG_WARN_BOOL_CONVERSION = YES;
				CLANG_WARN_COMMA = YES;
				CLANG_WARN_CONSTANT_CONVERSION = YES;
				CLANG_WARN_DEPRECATED_OBJC_IMPLEMENTATIONS = YES;
				CLANG_WARN_DIRECT_OBJC_ISA_USAGE = YES_ERROR;
				CLANG_WARN_DOCUMENTATION_COMMENTS = YES;
				CLANG_WARN_EMPTY_BODY = YES;
				CLANG_WARN_ENUM_CONVERSION = YES;
				CLANG_WARN_INFINITE_RECURSION = YES;
				CLANG_WARN_INT_CONVERSION = YES;
				CLANG_WARN_NON_LITERAL_NULL_CONVERSION = YES;
				CLANG_WARN_OBJC_IMPLICIT_RETAIN_SELF = YES;
				CLANG_WARN_OBJC_LITERAL_CONVERSION = YES;
				CLANG_WARN_OBJC_ROOT_CLASS = YES_ERROR;
				CLANG_WARN_QUOTED_INCLUDE_IN_FRAMEWORK_HEADER = YES;
				CLANG_WARN_RANGE_LOOP_ANALYSIS = YES;
				CLANG_WARN_STRICT_PROTOTYPES = YES;
				CLANG_WARN_SUSPICIOUS_MOVE = YES;
				CLANG_WARN_UNGUARDED_AVAILABILITY = YES_AGGRESSIVE;
				CLANG_WARN_UNREACHABLE_CODE = YES;
				CLANG_WARN__DUPLICATE_METHOD_MATCH = YES;
				COPY_PHASE_STRIP = NO;
				DEBUG_INFORMATION_FORMAT = "dwarf-with-dsym";
				DEVELOPMENT_TEAM = 82DYU8YTFB;
				ENABLE_NS_ASSERTIONS = NO;
				ENABLE_STRICT_OBJC_MSGSEND = YES;
				ENABLE_USER_SCRIPT_SANDBOXING = YES;
				GCC_C_LANGUAGE_STANDARD = gnu17;
				GCC_NO_COMMON_BLOCKS = YES;
				GCC_WARN_64_TO_32_BIT_CONVERSION = YES;
				GCC_WARN_ABOUT_RETURN_TYPE = YES_ERROR;
				GCC_WARN_UNDECLARED_SELECTOR = YES;
				GCC_WARN_UNINITIALIZED_AUTOS = YES_AGGRESSIVE;
				GCC_WARN_UNUSED_FUNCTION = YES;
				GCC_WARN_UNUSED_VARIABLE = YES;
				IPHONEOS_DEPLOYMENT_TARGET = 18.5;
				LOCALIZATION_PREFERS_STRING_CATALOGS = YES;
				MTL_ENABLE_DEBUG_INFO = NO;
				MTL_FAST_MATH = YES;
				SDKROOT = iphoneos;
				SWIFT_COMPILATION_MODE = wholemodule;
				VALIDATE_PRODUCT = YES;
			};
			name = Release;
		};
		E9D5954F2E4C3027004F0D18 /* Debug */ = {
			isa = XCBuildConfiguration;
			buildSettings = {
				ASSETCATALOG_COMPILER_APPICON_NAME = AppIcon;
				ASSETCATALOG_COMPILER_GLOBAL_ACCENT_COLOR_NAME = AccentColor;
				CODE_SIGN_STYLE = Automatic;
				CURRENT_PROJECT_VERSION = 1;
				DEVELOPMENT_TEAM = 82DYU8YTFB;
				ENABLE_PREVIEWS = YES;
				GENERATE_INFOPLIST_FILE = YES;
				INFOPLIST_KEY_UIApplicationSceneManifest_Generation = YES;
				INFOPLIST_KEY_UIApplicationSupportsIndirectInputEvents = YES;
				INFOPLIST_KEY_UILaunchScreen_Generation = YES;
				INFOPLIST_KEY_UISupportedInterfaceOrientations_iPad = "UIInterfaceOrientationPortrait UIInterfaceOrientationPortraitUpsideDown UIInterfaceOrientationLandscapeLeft UIInterfaceOrientationLandscapeRight";
				INFOPLIST_KEY_UISupportedInterfaceOrientations_iPhone = "UIInterfaceOrientationPortrait UIInterfaceOrientationLandscapeLeft UIInterfaceOrientationLandscapeRight";
				LD_RUNPATH_SEARCH_PATHS = (
					"$(inherited)",
					"@executable_path/Frameworks",
				);
				MARKETING_VERSION = 1.0;
				PRODUCT_BUNDLE_IDENTIFIER = "com.syk.study.YKS-Player-IOS";
				PRODUCT_NAME = "$(TARGET_NAME)";
				SWIFT_EMIT_LOC_STRINGS = YES;
				SWIFT_VERSION = 5.0;
				TARGETED_DEVICE_FAMILY = "1,2";
			};
			name = Debug;
		};
		E9D595502E4C3027004F0D18 /* Release */ = {
			isa = XCBuildConfiguration;
			buildSettings = {
				ASSETCATALOG_COMPILER_APPICON_NAME = AppIcon;
				ASSETCATALOG_COMPILER_GLOBAL_ACCENT_COLOR_NAME = AccentColor;
				CODE_SIGN_STYLE = Automatic;
				CURRENT_PROJECT_VERSION = 1;
				DEVELOPMENT_TEAM = 82DYU8YTFB;
				ENABLE_PREVIEWS = YES;
				GENERATE_INFOPLIST_FILE = YES;
				INFOPLIST_KEY_UIApplicationSceneManifest_Generation = YES;
				INFOPLIST_KEY_UIApplicationSupportsIndirectInputEvents = YES;
				INFOPLIST_KEY_UILaunchScreen_Generation = YES;
				INFOPLIST_KEY_UISupportedInterfaceOrientations_iPad = "UIInterfaceOrientationPortrait UIInterfaceOrientationPortraitUpsideDown UIInterfaceOrientationLandscapeLeft UIInterfaceOrientationLandscapeRight";
				INFOPLIST_KEY_UISupportedInterfaceOrientations_iPhone = "UIInterfaceOrientationPortrait UIInterfaceOrientationLandscapeLeft UIInterfaceOrientationLandscapeRight";
				LD_RUNPATH_SEARCH_PATHS = (
					"$(inherited)",
					"@executable_path/Frameworks",
				);
				MARKETING_VERSION = 1.0;
				PRODUCT_BUNDLE_IDENTIFIER = "com.syk.study.YKS-Player-IOS";
				PRODUCT_NAME = "$(TARGET_NAME)";
				SWIFT_EMIT_LOC_STRINGS = YES;
				SWIFT_VERSION = 5.0;
				TARGETED_DEVICE_FAMILY = "1,2";
			};
			name = Release;
		};
		E9D595522E4C3027004F0D18 /* Debug */ = {
			isa = XCBuildConfiguration;
			buildSettings = {
				BUNDLE_LOADER = "$(TEST_HOST)";
				CODE_SIGN_STYLE = Automatic;
				CURRENT_PROJECT_VERSION = 1;
				DEVELOPMENT_TEAM = 82DYU8YTFB;
				GENERATE_INFOPLIST_FILE = YES;
				IPHONEOS_DEPLOYMENT_TARGET = 18.5;
				MARKETING_VERSION = 1.0;
				PRODUCT_BUNDLE_IDENTIFIER = "com.syk.study.YKS-Player-IOSTests";
				PRODUCT_NAME = "$(TARGET_NAME)";
				SWIFT_EMIT_LOC_STRINGS = NO;
				SWIFT_VERSION = 5.0;
				TARGETED_DEVICE_FAMILY = "1,2";
				TEST_HOST = "$(BUILT_PRODUCTS_DIR)/YKS-Player-IOS.app/$(BUNDLE_EXECUTABLE_FOLDER_PATH)/YKS-Player-IOS";
			};
			name = Debug;
		};
		E9D595532E4C3027004F0D18 /* Release */ = {
			isa = XCBuildConfiguration;
			buildSettings = {
				BUNDLE_LOADER = "$(TEST_HOST)";
				CODE_SIGN_STYLE = Automatic;
				CURRENT_PROJECT_VERSION = 1;
				DEVELOPMENT_TEAM = 82DYU8YTFB;
				GENERATE_INFOPLIST_FILE = YES;
				IPHONEOS_DEPLOYMENT_TARGET = 18.5;
				MARKETING_VERSION = 1.0;
				PRODUCT_BUNDLE_IDENTIFIER = "com.syk.study.YKS-Player-IOSTests";
				PRODUCT_NAME = "$(TARGET_NAME)";
				SWIFT_EMIT_LOC_STRINGS = NO;
				SWIFT_VERSION = 5.0;
				TARGETED_DEVICE_FAMILY = "1,2";
				TEST_HOST = "$(BUILT_PRODUCTS_DIR)/YKS-Player-IOS.app/$(BUNDLE_EXECUTABLE_FOLDER_PATH)/YKS-Player-IOS";
			};
			name = Release;
		};
		E9D595552E4C3027004F0D18 /* Debug */ = {
			isa = XCBuildConfiguration;
			buildSettings = {
				CODE_SIGN_STYLE = Automatic;
				CURRENT_PROJECT_VERSION = 1;
				DEVELOPMENT_TEAM = 82DYU8YTFB;
				GENERATE_INFOPLIST_FILE = YES;
				MARKETING_VERSION = 1.0;
				PRODUCT_BUNDLE_IDENTIFIER = "com.syk.study.YKS-Player-IOSUITests";
				PRODUCT_NAME = "$(TARGET_NAME)";
				SWIFT_EMIT_LOC_STRINGS = NO;
				SWIFT_VERSION = 5.0;
				TARGETED_DEVICE_FAMILY = "1,2";
				TEST_TARGET_NAME = "YKS-Player-IOS";
			};
			name = Debug;
		};
		E9D595562E4C3027004F0D18 /* Release */ = {
			isa = XCBuildConfiguration;
			buildSettings = {
				CODE_SIGN_STYLE = Automatic;
				CURRENT_PROJECT_VERSION = 1;
				DEVELOPMENT_TEAM = 82DYU8YTFB;
				GENERATE_INFOPLIST_FILE = YES;
				MARKETING_VERSION = 1.0;
				PRODUCT_BUNDLE_IDENTIFIER = "com.syk.study.YKS-Player-IOSUITests";
				PRODUCT_NAME = "$(TARGET_NAME)";
				SWIFT_EMIT_LOC_STRINGS = NO;
				SWIFT_VERSION = 5.0;
				TARGETED_DEVICE_FAMILY = "1,2";
				TEST_TARGET_NAME = "YKS-Player-IOS";
			};
			name = Release;
		};
/* End XCBuildConfiguration section */

/* Begin XCConfigurationList section */
		E9D595282E4C3024004F0D18 /* Build configuration list for PBXProject "YKS-Player-IOS" */ = {
			isa = XCConfigurationList;
			buildConfigurations = (
				E9D5954C2E4C3027004F0D18 /* Debug */,
				E9D5954D2E4C3027004F0D18 /* Release */,
			);
			defaultConfigurationIsVisible = 0;
			defaultConfigurationName = Release;
		};
		E9D5954E2E4C3027004F0D18 /* Build configuration list for PBXNativeTarget "YKS-Player-IOS" */ = {
			isa = XCConfigurationList;
			buildConfigurations = (
				E9D5954F2E4C3027004F0D18 /* Debug */,
				E9D595502E4C3027004F0D18 /* Release */,
			);
			defaultConfigurationIsVisible = 0;
			defaultConfigurationName = Release;
		};
		E9D595512E4C3027004F0D18 /* Build configuration list for PBXNativeTarget "YKS-Player-IOSTests" */ = {
			isa = XCConfigurationList;
			buildConfigurations = (
				E9D595522E4C3027004F0D18 /* Debug */,
				E9D595532E4C3027004F0D18 /* Release */,
			);
			defaultConfigurationIsVisible = 0;
			defaultConfigurationName = Release;
		};
		E9D595542E4C3027004F0D18 /* Build configuration list for PBXNativeTarget "YKS-Player-IOSUITests" */ = {
			isa = XCConfigurationList;
			buildConfigurations = (
				E9D595552E4C3027004F0D18 /* Debug */,
				E9D595562E4C3027004F0D18 /* Release */,
			);
			defaultConfigurationIsVisible = 0;
			defaultConfigurationName = Release;
		};
/* End XCConfigurationList section */
	};
	rootObject = E9D595252E4C3024004F0D18 /* Project object */;
}
